
Microsoft Visual Studio Solution File, Format Version 12.00
# Visual Studio Version 16
VisualStudioVersion = 16.0.31402.337
MinimumVisualStudioVersion = 10.0.40219.1
Project("{9A19103F-16F7-4668-BE54-9A1E7A4F7556}") = "UnoSignalR.ServerApp", "UnoSignalR.ServerApp\UnoSignalR.ServerApp.csproj", "{2B513D0D-41FE-43C4-8584-5C828EBAD455}"
EndProject
Project("{9A19103F-16F7-4668-BE54-9A1E7A4F7556}") = "UnoSignalR.UnoClient", "UnoSignalR.UnoClient\UnoSignalR.UnoClient.csproj", "{D4B35DE4-017C-4BA6-9343-2356A02722EE}"
EndProject
Project("{D954291E-2A0B-460D-934E-DC6B0785DB48}") = "UnoSignalR.Base.Shared", "UnoSignalR.Base.Shared\UnoSignalR.Base.Shared.shproj", "{C4837549-0897-458F-BA6C-CE69CB5F697C}"
EndProject
Project("{D954291E-2A0B-460D-934E-DC6B0785DB48}") = "UnoSignalR.CrossPlatformClient.Shared", "UnoSignalR.CrossPlatformClient\UnoSignalR.CrossPlatformClient.Shared\UnoSignalR.CrossPlatformClient.Shared.shproj", "{6279C845-92F8-4333-AB99-3D213163593C}"
EndProject
Project("{2150E333-8FDC-42A3-9474-1A3956D46DE8}") = "Platforms", "Platforms", "{CE3AC8D4-4A32-453D-8636-E518F5772A4F}"
EndProject
Project("{FAE04EC0-301F-11D3-BF4B-00C04F79EFBC}") = "UnoSignalR.CrossPlatformClient.Droid", "UnoSignalR.CrossPlatformClient\UnoSignalR.CrossPlatformClient.Droid\UnoSignalR.CrossPlatformClient.Droid.csproj", "{B41CE620-CDB4-45CE-A607-3BF40CA55354}"
EndProject
Project("{FAE04EC0-301F-11D3-BF4B-00C04F79EFBC}") = "UnoSignalR.CrossPlatformClient.iOS", "UnoSignalR.CrossPlatformClient\UnoSignalR.CrossPlatformClient.iOS\UnoSignalR.CrossPlatformClient.iOS.csproj", "{B759389C-60F3-4287-8E49-06BE77149C9E}"
EndProject
Project("{FAE04EC0-301F-11D3-BF4B-00C04F79EFBC}") = "UnoSignalR.CrossPlatformClient.UWP", "UnoSignalR.CrossPlatformClient\UnoSignalR.CrossPlatformClient.UWP\UnoSignalR.CrossPlatformClient.UWP.csproj", "{461615D1-6FA5-4149-AEF3-2A04AE724D32}"
EndProject
Project("{9A19103F-16F7-4668-BE54-9A1E7A4F7556}") = "UnoSignalR.CrossPlatformClient.Wasm", "UnoSignalR.CrossPlatformClient\UnoSignalR.CrossPlatformClient.Wasm\UnoSignalR.CrossPlatformClient.Wasm.csproj", "{1DFDC4EF-F1E3-40AC-A430-A76EAF011D92}"
EndProject
Project("{FAE04EC0-301F-11D3-BF4B-00C04F79EFBC}") = "UnoSignalR.CrossPlatformClient.macOS", "UnoSignalR.CrossPlatformClient\UnoSignalR.CrossPlatformClient.macOS\UnoSignalR.CrossPlatformClient.macOS.csproj", "{C9E648FE-3AE8-4A2E-BC2E-4B1549E9F238}"
EndProject
Project("{FAE04EC0-301F-11D3-BF4B-00C04F79EFBC}") = "UnoSignalR.CrossPlatformClient.Skia.Wpf.Host", "UnoSignalR.CrossPlatformClient\UnoSignalR.CrossPlatformClient.Skia.Wpf.Host\UnoSignalR.CrossPlatformClient.Skia.Wpf.Host.csproj", "{1E0DF798-52EA-4ABA-82A5-40343336AD12}"
EndProject
Project("{FAE04EC0-301F-11D3-BF4B-00C04F79EFBC}") = "UnoSignalR.CrossPlatformClient.Skia.Wpf", "UnoSignalR.CrossPlatformClient\UnoSignalR.CrossPlatformClient.Skia.Wpf\UnoSignalR.CrossPlatformClient.Skia.Wpf.csproj", "{7FE65889-2E2B-47D9-8475-B71CAF057E9F}"
EndProject
Project("{FAE04EC0-301F-11D3-BF4B-00C04F79EFBC}") = "UnoSignalR.CrossPlatformClient.Skia.Gtk", "UnoSignalR.CrossPlatformClient\UnoSignalR.CrossPlatformClient.Skia.Gtk\UnoSignalR.CrossPlatformClient.Skia.Gtk.csproj", "{9B48D901-1A3B-421E-B978-3CD42B636E1A}"
EndProject
Project("{FAE04EC0-301F-11D3-BF4B-00C04F79EFBC}") = "UnoSignalR.CrossPlatformClient.Skia.Tizen", "UnoSignalR.CrossPlatformClient\UnoSignalR.CrossPlatformClient.Skia.Tizen\UnoSignalR.CrossPlatformClient.Skia.Tizen.csproj", "{ED26F2C9-0BEC-428F-83B5-FB7BD9280DF5}"
EndProject
Global
	GlobalSection(SharedMSBuildProjectFiles) = preSolution
		UnoSignalR.Base.Shared\UnoSignalR.Base.Shared.projitems*{1dfdc4ef-f1e3-40ac-a430-a76eaf011d92}*SharedItemsImports = 5
		UnoSignalR.CrossPlatformClient\UnoSignalR.CrossPlatformClient.Shared\UnoSignalR.CrossPlatformClient.Shared.projitems*{1dfdc4ef-f1e3-40ac-a430-a76eaf011d92}*SharedItemsImports = 5
		UnoSignalR.Base.Shared\UnoSignalR.Base.Shared.projitems*{2b513d0d-41fe-43c4-8584-5c828ebad455}*SharedItemsImports = 5
		UnoSignalR.Base.Shared\UnoSignalR.Base.Shared.projitems*{461615d1-6fa5-4149-aef3-2a04ae724d32}*SharedItemsImports = 4
		UnoSignalR.CrossPlatformClient\UnoSignalR.CrossPlatformClient.Shared\UnoSignalR.CrossPlatformClient.Shared.projitems*{461615d1-6fa5-4149-aef3-2a04ae724d32}*SharedItemsImports = 4
		UnoSignalR.CrossPlatformClient\UnoSignalR.CrossPlatformClient.Shared\UnoSignalR.CrossPlatformClient.Shared.projitems*{6279c845-92f8-4333-ab99-3d213163593c}*SharedItemsImports = 13
		UnoSignalR.Base.Shared\UnoSignalR.Base.Shared.projitems*{7fe65889-2e2b-47d9-8475-b71caf057e9f}*SharedItemsImports = 5
		UnoSignalR.CrossPlatformClient\UnoSignalR.CrossPlatformClient.Shared\UnoSignalR.CrossPlatformClient.Shared.projitems*{7fe65889-2e2b-47d9-8475-b71caf057e9f}*SharedItemsImports = 5
		UnoSignalR.Base.Shared\UnoSignalR.Base.Shared.projitems*{b41ce620-cdb4-45ce-a607-3bf40ca55354}*SharedItemsImports = 4
		UnoSignalR.CrossPlatformClient\UnoSignalR.CrossPlatformClient.Shared\UnoSignalR.CrossPlatformClient.Shared.projitems*{b41ce620-cdb4-45ce-a607-3bf40ca55354}*SharedItemsImports = 4
		UnoSignalR.Base.Shared\UnoSignalR.Base.Shared.projitems*{c4837549-0897-458f-ba6c-ce69cb5f697c}*SharedItemsImports = 13
		UnoSignalR.Base.Shared\UnoSignalR.Base.Shared.projitems*{d4b35de4-017c-4ba6-9343-2356a02722ee}*SharedItemsImports = 5
	EndGlobalSection
	GlobalSection(SolutionConfigurationPlatforms) = preSolution
		Ad-Hoc|Any CPU = Ad-Hoc|Any CPU
		Ad-Hoc|ARM = Ad-Hoc|ARM
		Ad-Hoc|ARM64 = Ad-Hoc|ARM64
		Ad-Hoc|iPhone = Ad-Hoc|iPhone
		Ad-Hoc|iPhoneSimulator = Ad-Hoc|iPhoneSimulator
		Ad-Hoc|x64 = Ad-Hoc|x64
		Ad-Hoc|x86 = Ad-Hoc|x86
		AppStore|Any CPU = AppStore|Any CPU
		AppStore|ARM = AppStore|ARM
		AppStore|ARM64 = AppStore|ARM64
		AppStore|iPhone = AppStore|iPhone
		AppStore|iPhoneSimulator = AppStore|iPhoneSimulator
		AppStore|x64 = AppStore|x64
		AppStore|x86 = AppStore|x86
		Debug|Any CPU = Debug|Any CPU
		Debug|ARM = Debug|ARM
		Debug|ARM64 = Debug|ARM64
		Debug|iPhone = Debug|iPhone
		Debug|iPhoneSimulator = Debug|iPhoneSimulator
		Debug|x64 = Debug|x64
		Debug|x86 = Debug|x86
		Release|Any CPU = Release|Any CPU
		Release|ARM = Release|ARM
		Release|ARM64 = Release|ARM64
		Release|iPhone = Release|iPhone
		Release|iPhoneSimulator = Release|iPhoneSimulator
		Release|x64 = Release|x64
		Release|x86 = Release|x86
	EndGlobalSection
	GlobalSection(ProjectConfigurationPlatforms) = postSolution
		{2B513D0D-41FE-43C4-8584-5C828EBAD455}.Ad-Hoc|Any CPU.ActiveCfg = Release|Any CPU
		{2B513D0D-41FE-43C4-8584-5C828EBAD455}.Ad-Hoc|Any CPU.Build.0 = Release|Any CPU
		{2B513D0D-41FE-43C4-8584-5C828EBAD455}.Ad-Hoc|ARM.ActiveCfg = Release|Any CPU
		{2B513D0D-41FE-43C4-8584-5C828EBAD455}.Ad-Hoc|ARM.Build.0 = Release|Any CPU
		{2B513D0D-41FE-43C4-8584-5C828EBAD455}.Ad-Hoc|ARM64.ActiveCfg = Release|Any CPU
		{2B513D0D-41FE-43C4-8584-5C828EBAD455}.Ad-Hoc|ARM64.Build.0 = Release|Any CPU
		{2B513D0D-41FE-43C4-8584-5C828EBAD455}.Ad-Hoc|iPhone.ActiveCfg = Release|Any CPU
		{2B513D0D-41FE-43C4-8584-5C828EBAD455}.Ad-Hoc|iPhone.Build.0 = Release|Any CPU
		{2B513D0D-41FE-43C4-8584-5C828EBAD455}.Ad-Hoc|iPhoneSimulator.ActiveCfg = Release|Any CPU
		{2B513D0D-41FE-43C4-8584-5C828EBAD455}.Ad-Hoc|iPhoneSimulator.Build.0 = Release|Any CPU
		{2B513D0D-41FE-43C4-8584-5C828EBAD455}.Ad-Hoc|x64.ActiveCfg = Release|Any CPU
		{2B513D0D-41FE-43C4-8584-5C828EBAD455}.Ad-Hoc|x64.Build.0 = Release|Any CPU
		{2B513D0D-41FE-43C4-8584-5C828EBAD455}.Ad-Hoc|x86.ActiveCfg = Release|Any CPU
		{2B513D0D-41FE-43C4-8584-5C828EBAD455}.Ad-Hoc|x86.Build.0 = Release|Any CPU
		{2B513D0D-41FE-43C4-8584-5C828EBAD455}.AppStore|Any CPU.ActiveCfg = Release|Any CPU
		{2B513D0D-41FE-43C4-8584-5C828EBAD455}.AppStore|Any CPU.Build.0 = Release|Any CPU
		{2B513D0D-41FE-43C4-8584-5C828EBAD455}.AppStore|ARM.ActiveCfg = Release|Any CPU
		{2B513D0D-41FE-43C4-8584-5C828EBAD455}.AppStore|ARM.Build.0 = Release|Any CPU
		{2B513D0D-41FE-43C4-8584-5C828EBAD455}.AppStore|ARM64.ActiveCfg = Release|Any CPU
		{2B513D0D-41FE-43C4-8584-5C828EBAD455}.AppStore|ARM64.Build.0 = Release|Any CPU
		{2B513D0D-41FE-43C4-8584-5C828EBAD455}.AppStore|iPhone.ActiveCfg = Release|Any CPU
		{2B513D0D-41FE-43C4-8584-5C828EBAD455}.AppStore|iPhone.Build.0 = Release|Any CPU
		{2B513D0D-41FE-43C4-8584-5C828EBAD455}.AppStore|iPhoneSimulator.ActiveCfg = Release|Any CPU
		{2B513D0D-41FE-43C4-8584-5C828EBAD455}.AppStore|iPhoneSimulator.Build.0 = Release|Any CPU
		{2B513D0D-41FE-43C4-8584-5C828EBAD455}.AppStore|x64.ActiveCfg = Release|Any CPU
		{2B513D0D-41FE-43C4-8584-5C828EBAD455}.AppStore|x64.Build.0 = Release|Any CPU
		{2B513D0D-41FE-43C4-8584-5C828EBAD455}.AppStore|x86.ActiveCfg = Release|Any CPU
		{2B513D0D-41FE-43C4-8584-5C828EBAD455}.AppStore|x86.Build.0 = Release|Any CPU
		{2B513D0D-41FE-43C4-8584-5C828EBAD455}.Debug|Any CPU.ActiveCfg = Debug|Any CPU
		{2B513D0D-41FE-43C4-8584-5C828EBAD455}.Debug|Any CPU.Build.0 = Debug|Any CPU
		{2B513D0D-41FE-43C4-8584-5C828EBAD455}.Debug|ARM.ActiveCfg = Debug|Any CPU
		{2B513D0D-41FE-43C4-8584-5C828EBAD455}.Debug|ARM.Build.0 = Debug|Any CPU
		{2B513D0D-41FE-43C4-8584-5C828EBAD455}.Debug|ARM64.ActiveCfg = Debug|Any CPU
		{2B513D0D-41FE-43C4-8584-5C828EBAD455}.Debug|ARM64.Build.0 = Debug|Any CPU
		{2B513D0D-41FE-43C4-8584-5C828EBAD455}.Debug|iPhone.ActiveCfg = Debug|Any CPU
		{2B513D0D-41FE-43C4-8584-5C828EBAD455}.Debug|iPhone.Build.0 = Debug|Any CPU
		{2B513D0D-41FE-43C4-8584-5C828EBAD455}.Debug|iPhoneSimulator.ActiveCfg = Debug|Any CPU
		{2B513D0D-41FE-43C4-8584-5C828EBAD455}.Debug|iPhoneSimulator.Build.0 = Debug|Any CPU
		{2B513D0D-41FE-43C4-8584-5C828EBAD455}.Debug|x64.ActiveCfg = Debug|Any CPU
		{2B513D0D-41FE-43C4-8584-5C828EBAD455}.Debug|x64.Build.0 = Debug|Any CPU
		{2B513D0D-41FE-43C4-8584-5C828EBAD455}.Debug|x86.ActiveCfg = Debug|Any CPU
		{2B513D0D-41FE-43C4-8584-5C828EBAD455}.Debug|x86.Build.0 = Debug|Any CPU
		{2B513D0D-41FE-43C4-8584-5C828EBAD455}.Release|Any CPU.ActiveCfg = Release|Any CPU
		{2B513D0D-41FE-43C4-8584-5C828EBAD455}.Release|Any CPU.Build.0 = Release|Any CPU
		{2B513D0D-41FE-43C4-8584-5C828EBAD455}.Release|ARM.ActiveCfg = Release|Any CPU
		{2B513D0D-41FE-43C4-8584-5C828EBAD455}.Release|ARM.Build.0 = Release|Any CPU
		{2B513D0D-41FE-43C4-8584-5C828EBAD455}.Release|ARM64.ActiveCfg = Release|Any CPU
		{2B513D0D-41FE-43C4-8584-5C828EBAD455}.Release|ARM64.Build.0 = Release|Any CPU
		{2B513D0D-41FE-43C4-8584-5C828EBAD455}.Release|iPhone.ActiveCfg = Release|Any CPU
		{2B513D0D-41FE-43C4-8584-5C828EBAD455}.Release|iPhone.Build.0 = Release|Any CPU
		{2B513D0D-41FE-43C4-8584-5C828EBAD455}.Release|iPhoneSimulator.ActiveCfg = Release|Any CPU
		{2B513D0D-41FE-43C4-8584-5C828EBAD455}.Release|iPhoneSimulator.Build.0 = Release|Any CPU
		{2B513D0D-41FE-43C4-8584-5C828EBAD455}.Release|x64.ActiveCfg = Release|Any CPU
		{2B513D0D-41FE-43C4-8584-5C828EBAD455}.Release|x64.Build.0 = Release|Any CPU
		{2B513D0D-41FE-43C4-8584-5C828EBAD455}.Release|x86.ActiveCfg = Release|Any CPU
		{2B513D0D-41FE-43C4-8584-5C828EBAD455}.Release|x86.Build.0 = Release|Any CPU
		{D4B35DE4-017C-4BA6-9343-2356A02722EE}.Ad-Hoc|Any CPU.ActiveCfg = Debug|Any CPU
		{D4B35DE4-017C-4BA6-9343-2356A02722EE}.Ad-Hoc|Any CPU.Build.0 = Debug|Any CPU
		{D4B35DE4-017C-4BA6-9343-2356A02722EE}.Ad-Hoc|ARM.ActiveCfg = Debug|Any CPU
		{D4B35DE4-017C-4BA6-9343-2356A02722EE}.Ad-Hoc|ARM.Build.0 = Debug|Any CPU
		{D4B35DE4-017C-4BA6-9343-2356A02722EE}.Ad-Hoc|ARM64.ActiveCfg = Debug|Any CPU
		{D4B35DE4-017C-4BA6-9343-2356A02722EE}.Ad-Hoc|ARM64.Build.0 = Debug|Any CPU
		{D4B35DE4-017C-4BA6-9343-2356A02722EE}.Ad-Hoc|iPhone.ActiveCfg = Debug|Any CPU
		{D4B35DE4-017C-4BA6-9343-2356A02722EE}.Ad-Hoc|iPhone.Build.0 = Debug|Any CPU
		{D4B35DE4-017C-4BA6-9343-2356A02722EE}.Ad-Hoc|iPhoneSimulator.ActiveCfg = Debug|Any CPU
		{D4B35DE4-017C-4BA6-9343-2356A02722EE}.Ad-Hoc|iPhoneSimulator.Build.0 = Debug|Any CPU
		{D4B35DE4-017C-4BA6-9343-2356A02722EE}.Ad-Hoc|x64.ActiveCfg = Debug|Any CPU
		{D4B35DE4-017C-4BA6-9343-2356A02722EE}.Ad-Hoc|x64.Build.0 = Debug|Any CPU
		{D4B35DE4-017C-4BA6-9343-2356A02722EE}.Ad-Hoc|x86.ActiveCfg = Debug|Any CPU
		{D4B35DE4-017C-4BA6-9343-2356A02722EE}.Ad-Hoc|x86.Build.0 = Debug|Any CPU
		{D4B35DE4-017C-4BA6-9343-2356A02722EE}.AppStore|Any CPU.ActiveCfg = Debug|Any CPU
		{D4B35DE4-017C-4BA6-9343-2356A02722EE}.AppStore|Any CPU.Build.0 = Debug|Any CPU
		{D4B35DE4-017C-4BA6-9343-2356A02722EE}.AppStore|ARM.ActiveCfg = Debug|Any CPU
		{D4B35DE4-017C-4BA6-9343-2356A02722EE}.AppStore|ARM.Build.0 = Debug|Any CPU
		{D4B35DE4-017C-4BA6-9343-2356A02722EE}.AppStore|ARM64.ActiveCfg = Debug|Any CPU
		{D4B35DE4-017C-4BA6-9343-2356A02722EE}.AppStore|ARM64.Build.0 = Debug|Any CPU
		{D4B35DE4-017C-4BA6-9343-2356A02722EE}.AppStore|iPhone.ActiveCfg = Debug|Any CPU
		{D4B35DE4-017C-4BA6-9343-2356A02722EE}.AppStore|iPhone.Build.0 = Debug|Any CPU
		{D4B35DE4-017C-4BA6-9343-2356A02722EE}.AppStore|iPhoneSimulator.ActiveCfg = Debug|Any CPU
		{D4B35DE4-017C-4BA6-9343-2356A02722EE}.AppStore|iPhoneSimulator.Build.0 = Debug|Any CPU
		{D4B35DE4-017C-4BA6-9343-2356A02722EE}.AppStore|x64.ActiveCfg = Debug|Any CPU
		{D4B35DE4-017C-4BA6-9343-2356A02722EE}.AppStore|x64.Build.0 = Debug|Any CPU
		{D4B35DE4-017C-4BA6-9343-2356A02722EE}.AppStore|x86.ActiveCfg = Debug|Any CPU
		{D4B35DE4-017C-4BA6-9343-2356A02722EE}.AppStore|x86.Build.0 = Debug|Any CPU
		{D4B35DE4-017C-4BA6-9343-2356A02722EE}.Debug|Any CPU.ActiveCfg = Debug|Any CPU
		{D4B35DE4-017C-4BA6-9343-2356A02722EE}.Debug|Any CPU.Build.0 = Debug|Any CPU
		{D4B35DE4-017C-4BA6-9343-2356A02722EE}.Debug|ARM.ActiveCfg = Debug|Any CPU
		{D4B35DE4-017C-4BA6-9343-2356A02722EE}.Debug|ARM.Build.0 = Debug|Any CPU
		{D4B35DE4-017C-4BA6-9343-2356A02722EE}.Debug|ARM64.ActiveCfg = Debug|Any CPU
		{D4B35DE4-017C-4BA6-9343-2356A02722EE}.Debug|ARM64.Build.0 = Debug|Any CPU
		{D4B35DE4-017C-4BA6-9343-2356A02722EE}.Debug|iPhone.ActiveCfg = Debug|Any CPU
		{D4B35DE4-017C-4BA6-9343-2356A02722EE}.Debug|iPhone.Build.0 = Debug|Any CPU
		{D4B35DE4-017C-4BA6-9343-2356A02722EE}.Debug|iPhoneSimulator.ActiveCfg = Debug|Any CPU
		{D4B35DE4-017C-4BA6-9343-2356A02722EE}.Debug|iPhoneSimulator.Build.0 = Debug|Any CPU
		{D4B35DE4-017C-4BA6-9343-2356A02722EE}.Debug|x64.ActiveCfg = Debug|Any CPU
		{D4B35DE4-017C-4BA6-9343-2356A02722EE}.Debug|x64.Build.0 = Debug|Any CPU
		{D4B35DE4-017C-4BA6-9343-2356A02722EE}.Debug|x86.ActiveCfg = Debug|Any CPU
		{D4B35DE4-017C-4BA6-9343-2356A02722EE}.Debug|x86.Build.0 = Debug|Any CPU
		{D4B35DE4-017C-4BA6-9343-2356A02722EE}.Release|Any CPU.ActiveCfg = Release|Any CPU
		{D4B35DE4-017C-4BA6-9343-2356A02722EE}.Release|Any CPU.Build.0 = Release|Any CPU
		{D4B35DE4-017C-4BA6-9343-2356A02722EE}.Release|ARM.ActiveCfg = Release|Any CPU
		{D4B35DE4-017C-4BA6-9343-2356A02722EE}.Release|ARM.Build.0 = Release|Any CPU
		{D4B35DE4-017C-4BA6-9343-2356A02722EE}.Release|ARM64.ActiveCfg = Release|Any CPU
		{D4B35DE4-017C-4BA6-9343-2356A02722EE}.Release|ARM64.Build.0 = Release|Any CPU
		{D4B35DE4-017C-4BA6-9343-2356A02722EE}.Release|iPhone.ActiveCfg = Release|Any CPU
		{D4B35DE4-017C-4BA6-9343-2356A02722EE}.Release|iPhone.Build.0 = Release|Any CPU
		{D4B35DE4-017C-4BA6-9343-2356A02722EE}.Release|iPhoneSimulator.ActiveCfg = Release|Any CPU
		{D4B35DE4-017C-4BA6-9343-2356A02722EE}.Release|iPhoneSimulator.Build.0 = Release|Any CPU
		{D4B35DE4-017C-4BA6-9343-2356A02722EE}.Release|x64.ActiveCfg = Release|Any CPU
		{D4B35DE4-017C-4BA6-9343-2356A02722EE}.Release|x64.Build.0 = Release|Any CPU
		{D4B35DE4-017C-4BA6-9343-2356A02722EE}.Release|x86.ActiveCfg = Release|Any CPU
		{D4B35DE4-017C-4BA6-9343-2356A02722EE}.Release|x86.Build.0 = Release|Any CPU
		{B41CE620-CDB4-45CE-A607-3BF40CA55354}.Ad-Hoc|Any CPU.ActiveCfg = Debug|Any CPU
		{B41CE620-CDB4-45CE-A607-3BF40CA55354}.Ad-Hoc|Any CPU.Build.0 = Debug|Any CPU
		{B41CE620-CDB4-45CE-A607-3BF40CA55354}.Ad-Hoc|Any CPU.Deploy.0 = Debug|Any CPU
		{B41CE620-CDB4-45CE-A607-3BF40CA55354}.Ad-Hoc|ARM.ActiveCfg = Debug|Any CPU
		{B41CE620-CDB4-45CE-A607-3BF40CA55354}.Ad-Hoc|ARM.Build.0 = Debug|Any CPU
		{B41CE620-CDB4-45CE-A607-3BF40CA55354}.Ad-Hoc|ARM.Deploy.0 = Debug|Any CPU
		{B41CE620-CDB4-45CE-A607-3BF40CA55354}.Ad-Hoc|ARM64.ActiveCfg = Debug|Any CPU
		{B41CE620-CDB4-45CE-A607-3BF40CA55354}.Ad-Hoc|ARM64.Build.0 = Debug|Any CPU
		{B41CE620-CDB4-45CE-A607-3BF40CA55354}.Ad-Hoc|ARM64.Deploy.0 = Debug|Any CPU
		{B41CE620-CDB4-45CE-A607-3BF40CA55354}.Ad-Hoc|iPhone.ActiveCfg = Debug|Any CPU
		{B41CE620-CDB4-45CE-A607-3BF40CA55354}.Ad-Hoc|iPhone.Build.0 = Debug|Any CPU
		{B41CE620-CDB4-45CE-A607-3BF40CA55354}.Ad-Hoc|iPhone.Deploy.0 = Debug|Any CPU
		{B41CE620-CDB4-45CE-A607-3BF40CA55354}.Ad-Hoc|iPhoneSimulator.ActiveCfg = Debug|Any CPU
		{B41CE620-CDB4-45CE-A607-3BF40CA55354}.Ad-Hoc|iPhoneSimulator.Build.0 = Debug|Any CPU
		{B41CE620-CDB4-45CE-A607-3BF40CA55354}.Ad-Hoc|iPhoneSimulator.Deploy.0 = Debug|Any CPU
		{B41CE620-CDB4-45CE-A607-3BF40CA55354}.Ad-Hoc|x64.ActiveCfg = Debug|Any CPU
		{B41CE620-CDB4-45CE-A607-3BF40CA55354}.Ad-Hoc|x64.Build.0 = Debug|Any CPU
		{B41CE620-CDB4-45CE-A607-3BF40CA55354}.Ad-Hoc|x64.Deploy.0 = Debug|Any CPU
		{B41CE620-CDB4-45CE-A607-3BF40CA55354}.Ad-Hoc|x86.ActiveCfg = Debug|Any CPU
		{B41CE620-CDB4-45CE-A607-3BF40CA55354}.Ad-Hoc|x86.Build.0 = Debug|Any CPU
		{B41CE620-CDB4-45CE-A607-3BF40CA55354}.Ad-Hoc|x86.Deploy.0 = Debug|Any CPU
		{B41CE620-CDB4-45CE-A607-3BF40CA55354}.AppStore|Any CPU.ActiveCfg = Debug|Any CPU
		{B41CE620-CDB4-45CE-A607-3BF40CA55354}.AppStore|Any CPU.Build.0 = Debug|Any CPU
		{B41CE620-CDB4-45CE-A607-3BF40CA55354}.AppStore|Any CPU.Deploy.0 = Debug|Any CPU
		{B41CE620-CDB4-45CE-A607-3BF40CA55354}.AppStore|ARM.ActiveCfg = Debug|Any CPU
		{B41CE620-CDB4-45CE-A607-3BF40CA55354}.AppStore|ARM.Build.0 = Debug|Any CPU
		{B41CE620-CDB4-45CE-A607-3BF40CA55354}.AppStore|ARM.Deploy.0 = Debug|Any CPU
		{B41CE620-CDB4-45CE-A607-3BF40CA55354}.AppStore|ARM64.ActiveCfg = Debug|Any CPU
		{B41CE620-CDB4-45CE-A607-3BF40CA55354}.AppStore|ARM64.Build.0 = Debug|Any CPU
		{B41CE620-CDB4-45CE-A607-3BF40CA55354}.AppStore|ARM64.Deploy.0 = Debug|Any CPU
		{B41CE620-CDB4-45CE-A607-3BF40CA55354}.AppStore|iPhone.ActiveCfg = Debug|Any CPU
		{B41CE620-CDB4-45CE-A607-3BF40CA55354}.AppStore|iPhone.Build.0 = Debug|Any CPU
		{B41CE620-CDB4-45CE-A607-3BF40CA55354}.AppStore|iPhone.Deploy.0 = Debug|Any CPU
		{B41CE620-CDB4-45CE-A607-3BF40CA55354}.AppStore|iPhoneSimulator.ActiveCfg = Debug|Any CPU
		{B41CE620-CDB4-45CE-A607-3BF40CA55354}.AppStore|iPhoneSimulator.Build.0 = Debug|Any CPU
		{B41CE620-CDB4-45CE-A607-3BF40CA55354}.AppStore|iPhoneSimulator.Deploy.0 = Debug|Any CPU
		{B41CE620-CDB4-45CE-A607-3BF40CA55354}.AppStore|x64.ActiveCfg = Debug|Any CPU
		{B41CE620-CDB4-45CE-A607-3BF40CA55354}.AppStore|x64.Build.0 = Debug|Any CPU
		{B41CE620-CDB4-45CE-A607-3BF40CA55354}.AppStore|x64.Deploy.0 = Debug|Any CPU
		{B41CE620-CDB4-45CE-A607-3BF40CA55354}.AppStore|x86.ActiveCfg = Debug|Any CPU
		{B41CE620-CDB4-45CE-A607-3BF40CA55354}.AppStore|x86.Build.0 = Debug|Any CPU
		{B41CE620-CDB4-45CE-A607-3BF40CA55354}.AppStore|x86.Deploy.0 = Debug|Any CPU
		{B41CE620-CDB4-45CE-A607-3BF40CA55354}.Debug|Any CPU.ActiveCfg = Debug|Any CPU
		{B41CE620-CDB4-45CE-A607-3BF40CA55354}.Debug|Any CPU.Build.0 = Debug|Any CPU
		{B41CE620-CDB4-45CE-A607-3BF40CA55354}.Debug|Any CPU.Deploy.0 = Debug|Any CPU
		{B41CE620-CDB4-45CE-A607-3BF40CA55354}.Debug|ARM.ActiveCfg = Debug|Any CPU
		{B41CE620-CDB4-45CE-A607-3BF40CA55354}.Debug|ARM.Build.0 = Debug|Any CPU
		{B41CE620-CDB4-45CE-A607-3BF40CA55354}.Debug|ARM.Deploy.0 = Debug|Any CPU
		{B41CE620-CDB4-45CE-A607-3BF40CA55354}.Debug|ARM64.ActiveCfg = Debug|Any CPU
		{B41CE620-CDB4-45CE-A607-3BF40CA55354}.Debug|ARM64.Build.0 = Debug|Any CPU
		{B41CE620-CDB4-45CE-A607-3BF40CA55354}.Debug|ARM64.Deploy.0 = Debug|Any CPU
		{B41CE620-CDB4-45CE-A607-3BF40CA55354}.Debug|iPhone.ActiveCfg = Debug|Any CPU
		{B41CE620-CDB4-45CE-A607-3BF40CA55354}.Debug|iPhone.Build.0 = Debug|Any CPU
		{B41CE620-CDB4-45CE-A607-3BF40CA55354}.Debug|iPhone.Deploy.0 = Debug|Any CPU
		{B41CE620-CDB4-45CE-A607-3BF40CA55354}.Debug|iPhoneSimulator.ActiveCfg = Debug|Any CPU
		{B41CE620-CDB4-45CE-A607-3BF40CA55354}.Debug|iPhoneSimulator.Build.0 = Debug|Any CPU
		{B41CE620-CDB4-45CE-A607-3BF40CA55354}.Debug|iPhoneSimulator.Deploy.0 = Debug|Any CPU
		{B41CE620-CDB4-45CE-A607-3BF40CA55354}.Debug|x64.ActiveCfg = Debug|Any CPU
		{B41CE620-CDB4-45CE-A607-3BF40CA55354}.Debug|x64.Build.0 = Debug|Any CPU
		{B41CE620-CDB4-45CE-A607-3BF40CA55354}.Debug|x64.Deploy.0 = Debug|Any CPU
		{B41CE620-CDB4-45CE-A607-3BF40CA55354}.Debug|x86.ActiveCfg = Debug|Any CPU
		{B41CE620-CDB4-45CE-A607-3BF40CA55354}.Debug|x86.Build.0 = Debug|Any CPU
		{B41CE620-CDB4-45CE-A607-3BF40CA55354}.Debug|x86.Deploy.0 = Debug|Any CPU
		{B41CE620-CDB4-45CE-A607-3BF40CA55354}.Release|Any CPU.ActiveCfg = Release|Any CPU
		{B41CE620-CDB4-45CE-A607-3BF40CA55354}.Release|Any CPU.Build.0 = Release|Any CPU
		{B41CE620-CDB4-45CE-A607-3BF40CA55354}.Release|Any CPU.Deploy.0 = Release|Any CPU
		{B41CE620-CDB4-45CE-A607-3BF40CA55354}.Release|ARM.ActiveCfg = Release|Any CPU
		{B41CE620-CDB4-45CE-A607-3BF40CA55354}.Release|ARM.Build.0 = Release|Any CPU
		{B41CE620-CDB4-45CE-A607-3BF40CA55354}.Release|ARM.Deploy.0 = Release|Any CPU
		{B41CE620-CDB4-45CE-A607-3BF40CA55354}.Release|ARM64.ActiveCfg = Release|Any CPU
		{B41CE620-CDB4-45CE-A607-3BF40CA55354}.Release|ARM64.Build.0 = Release|Any CPU
		{B41CE620-CDB4-45CE-A607-3BF40CA55354}.Release|ARM64.Deploy.0 = Release|Any CPU
		{B41CE620-CDB4-45CE-A607-3BF40CA55354}.Release|iPhone.ActiveCfg = Release|Any CPU
		{B41CE620-CDB4-45CE-A607-3BF40CA55354}.Release|iPhone.Build.0 = Release|Any CPU
		{B41CE620-CDB4-45CE-A607-3BF40CA55354}.Release|iPhone.Deploy.0 = Release|Any CPU
		{B41CE620-CDB4-45CE-A607-3BF40CA55354}.Release|iPhoneSimulator.ActiveCfg = Release|Any CPU
		{B41CE620-CDB4-45CE-A607-3BF40CA55354}.Release|iPhoneSimulator.Build.0 = Release|Any CPU
		{B41CE620-CDB4-45CE-A607-3BF40CA55354}.Release|iPhoneSimulator.Deploy.0 = Release|Any CPU
		{B41CE620-CDB4-45CE-A607-3BF40CA55354}.Release|x64.ActiveCfg = Release|Any CPU
		{B41CE620-CDB4-45CE-A607-3BF40CA55354}.Release|x64.Build.0 = Release|Any CPU
		{B41CE620-CDB4-45CE-A607-3BF40CA55354}.Release|x64.Deploy.0 = Release|Any CPU
		{B41CE620-CDB4-45CE-A607-3BF40CA55354}.Release|x86.ActiveCfg = Release|Any CPU
		{B41CE620-CDB4-45CE-A607-3BF40CA55354}.Release|x86.Build.0 = Release|Any CPU
		{B41CE620-CDB4-45CE-A607-3BF40CA55354}.Release|x86.Deploy.0 = Release|Any CPU
		{B759389C-60F3-4287-8E49-06BE77149C9E}.Ad-Hoc|Any CPU.ActiveCfg = Ad-Hoc|iPhoneSimulator
		{B759389C-60F3-4287-8E49-06BE77149C9E}.Ad-Hoc|ARM.ActiveCfg = Ad-Hoc|iPhoneSimulator
		{B759389C-60F3-4287-8E49-06BE77149C9E}.Ad-Hoc|ARM64.ActiveCfg = Ad-Hoc|iPhoneSimulator
		{B759389C-60F3-4287-8E49-06BE77149C9E}.Ad-Hoc|iPhone.ActiveCfg = Ad-Hoc|iPhone
		{B759389C-60F3-4287-8E49-06BE77149C9E}.Ad-Hoc|iPhone.Build.0 = Ad-Hoc|iPhone
		{B759389C-60F3-4287-8E49-06BE77149C9E}.Ad-Hoc|iPhoneSimulator.ActiveCfg = Ad-Hoc|iPhoneSimulator
		{B759389C-60F3-4287-8E49-06BE77149C9E}.Ad-Hoc|iPhoneSimulator.Build.0 = Ad-Hoc|iPhoneSimulator
		{B759389C-60F3-4287-8E49-06BE77149C9E}.Ad-Hoc|x64.ActiveCfg = Ad-Hoc|iPhoneSimulator
		{B759389C-60F3-4287-8E49-06BE77149C9E}.Ad-Hoc|x86.ActiveCfg = Ad-Hoc|iPhoneSimulator
		{B759389C-60F3-4287-8E49-06BE77149C9E}.AppStore|Any CPU.ActiveCfg = AppStore|iPhoneSimulator
		{B759389C-60F3-4287-8E49-06BE77149C9E}.AppStore|ARM.ActiveCfg = AppStore|iPhoneSimulator
		{B759389C-60F3-4287-8E49-06BE77149C9E}.AppStore|ARM64.ActiveCfg = AppStore|iPhoneSimulator
		{B759389C-60F3-4287-8E49-06BE77149C9E}.AppStore|iPhone.ActiveCfg = AppStore|iPhone
		{B759389C-60F3-4287-8E49-06BE77149C9E}.AppStore|iPhone.Build.0 = AppStore|iPhone
		{B759389C-60F3-4287-8E49-06BE77149C9E}.AppStore|iPhoneSimulator.ActiveCfg = AppStore|iPhoneSimulator
		{B759389C-60F3-4287-8E49-06BE77149C9E}.AppStore|iPhoneSimulator.Build.0 = AppStore|iPhoneSimulator
		{B759389C-60F3-4287-8E49-06BE77149C9E}.AppStore|x64.ActiveCfg = AppStore|iPhoneSimulator
		{B759389C-60F3-4287-8E49-06BE77149C9E}.AppStore|x86.ActiveCfg = AppStore|iPhoneSimulator
		{B759389C-60F3-4287-8E49-06BE77149C9E}.Debug|Any CPU.ActiveCfg = Debug|iPhoneSimulator
		{B759389C-60F3-4287-8E49-06BE77149C9E}.Debug|ARM.ActiveCfg = Debug|iPhoneSimulator
		{B759389C-60F3-4287-8E49-06BE77149C9E}.Debug|ARM64.ActiveCfg = Debug|iPhoneSimulator
		{B759389C-60F3-4287-8E49-06BE77149C9E}.Debug|iPhone.ActiveCfg = Debug|iPhone
		{B759389C-60F3-4287-8E49-06BE77149C9E}.Debug|iPhone.Build.0 = Debug|iPhone
		{B759389C-60F3-4287-8E49-06BE77149C9E}.Debug|iPhoneSimulator.ActiveCfg = Debug|iPhoneSimulator
		{B759389C-60F3-4287-8E49-06BE77149C9E}.Debug|iPhoneSimulator.Build.0 = Debug|iPhoneSimulator
		{B759389C-60F3-4287-8E49-06BE77149C9E}.Debug|x64.ActiveCfg = Debug|iPhoneSimulator
		{B759389C-60F3-4287-8E49-06BE77149C9E}.Debug|x86.ActiveCfg = Debug|iPhoneSimulator
		{B759389C-60F3-4287-8E49-06BE77149C9E}.Release|Any CPU.ActiveCfg = Release|iPhoneSimulator
		{B759389C-60F3-4287-8E49-06BE77149C9E}.Release|ARM.ActiveCfg = Release|iPhoneSimulator
		{B759389C-60F3-4287-8E49-06BE77149C9E}.Release|ARM64.ActiveCfg = Release|iPhoneSimulator
		{B759389C-60F3-4287-8E49-06BE77149C9E}.Release|iPhone.ActiveCfg = Release|iPhone
		{B759389C-60F3-4287-8E49-06BE77149C9E}.Release|iPhone.Build.0 = Release|iPhone
		{B759389C-60F3-4287-8E49-06BE77149C9E}.Release|iPhoneSimulator.ActiveCfg = Release|iPhoneSimulator
		{B759389C-60F3-4287-8E49-06BE77149C9E}.Release|iPhoneSimulator.Build.0 = Release|iPhoneSimulator
		{B759389C-60F3-4287-8E49-06BE77149C9E}.Release|x64.ActiveCfg = Release|iPhoneSimulator
		{B759389C-60F3-4287-8E49-06BE77149C9E}.Release|x86.ActiveCfg = Release|iPhoneSimulator
		{461615D1-6FA5-4149-AEF3-2A04AE724D32}.Ad-Hoc|Any CPU.ActiveCfg = Debug|x86
		{461615D1-6FA5-4149-AEF3-2A04AE724D32}.Ad-Hoc|Any CPU.Build.0 = Debug|x86
		{461615D1-6FA5-4149-AEF3-2A04AE724D32}.Ad-Hoc|Any CPU.Deploy.0 = Debug|x86
		{461615D1-6FA5-4149-AEF3-2A04AE724D32}.Ad-Hoc|ARM.ActiveCfg = Debug|ARM
		{461615D1-6FA5-4149-AEF3-2A04AE724D32}.Ad-Hoc|ARM.Build.0 = Debug|ARM
		{461615D1-6FA5-4149-AEF3-2A04AE724D32}.Ad-Hoc|ARM.Deploy.0 = Debug|ARM
		{461615D1-6FA5-4149-AEF3-2A04AE724D32}.Ad-Hoc|ARM64.ActiveCfg = Debug|ARM64
		{461615D1-6FA5-4149-AEF3-2A04AE724D32}.Ad-Hoc|ARM64.Build.0 = Debug|ARM64
		{461615D1-6FA5-4149-AEF3-2A04AE724D32}.Ad-Hoc|ARM64.Deploy.0 = Debug|ARM64
		{461615D1-6FA5-4149-AEF3-2A04AE724D32}.Ad-Hoc|iPhone.ActiveCfg = Debug|x86
		{461615D1-6FA5-4149-AEF3-2A04AE724D32}.Ad-Hoc|iPhone.Build.0 = Debug|x86
		{461615D1-6FA5-4149-AEF3-2A04AE724D32}.Ad-Hoc|iPhone.Deploy.0 = Debug|x86
		{461615D1-6FA5-4149-AEF3-2A04AE724D32}.Ad-Hoc|iPhoneSimulator.ActiveCfg = Debug|x86
		{461615D1-6FA5-4149-AEF3-2A04AE724D32}.Ad-Hoc|iPhoneSimulator.Build.0 = Debug|x86
		{461615D1-6FA5-4149-AEF3-2A04AE724D32}.Ad-Hoc|iPhoneSimulator.Deploy.0 = Debug|x86
		{461615D1-6FA5-4149-AEF3-2A04AE724D32}.Ad-Hoc|x64.ActiveCfg = Debug|x64
		{461615D1-6FA5-4149-AEF3-2A04AE724D32}.Ad-Hoc|x64.Build.0 = Debug|x64
		{461615D1-6FA5-4149-AEF3-2A04AE724D32}.Ad-Hoc|x64.Deploy.0 = Debug|x64
		{461615D1-6FA5-4149-AEF3-2A04AE724D32}.Ad-Hoc|x86.ActiveCfg = Debug|x86
		{461615D1-6FA5-4149-AEF3-2A04AE724D32}.Ad-Hoc|x86.Build.0 = Debug|x86
		{461615D1-6FA5-4149-AEF3-2A04AE724D32}.Ad-Hoc|x86.Deploy.0 = Debug|x86
		{461615D1-6FA5-4149-AEF3-2A04AE724D32}.AppStore|Any CPU.ActiveCfg = Debug|x86
		{461615D1-6FA5-4149-AEF3-2A04AE724D32}.AppStore|Any CPU.Build.0 = Debug|x86
		{461615D1-6FA5-4149-AEF3-2A04AE724D32}.AppStore|Any CPU.Deploy.0 = Debug|x86
		{461615D1-6FA5-4149-AEF3-2A04AE724D32}.AppStore|ARM.ActiveCfg = Debug|ARM
		{461615D1-6FA5-4149-AEF3-2A04AE724D32}.AppStore|ARM.Build.0 = Debug|ARM
		{461615D1-6FA5-4149-AEF3-2A04AE724D32}.AppStore|ARM.Deploy.0 = Debug|ARM
		{461615D1-6FA5-4149-AEF3-2A04AE724D32}.AppStore|ARM64.ActiveCfg = Debug|ARM64
		{461615D1-6FA5-4149-AEF3-2A04AE724D32}.AppStore|ARM64.Build.0 = Debug|ARM64
		{461615D1-6FA5-4149-AEF3-2A04AE724D32}.AppStore|ARM64.Deploy.0 = Debug|ARM64
		{461615D1-6FA5-4149-AEF3-2A04AE724D32}.AppStore|iPhone.ActiveCfg = Debug|x86
		{461615D1-6FA5-4149-AEF3-2A04AE724D32}.AppStore|iPhone.Build.0 = Debug|x86
		{461615D1-6FA5-4149-AEF3-2A04AE724D32}.AppStore|iPhone.Deploy.0 = Debug|x86
		{461615D1-6FA5-4149-AEF3-2A04AE724D32}.AppStore|iPhoneSimulator.ActiveCfg = Debug|x86
		{461615D1-6FA5-4149-AEF3-2A04AE724D32}.AppStore|iPhoneSimulator.Build.0 = Debug|x86
		{461615D1-6FA5-4149-AEF3-2A04AE724D32}.AppStore|iPhoneSimulator.Deploy.0 = Debug|x86
		{461615D1-6FA5-4149-AEF3-2A04AE724D32}.AppStore|x64.ActiveCfg = Debug|x64
		{461615D1-6FA5-4149-AEF3-2A04AE724D32}.AppStore|x64.Build.0 = Debug|x64
		{461615D1-6FA5-4149-AEF3-2A04AE724D32}.AppStore|x64.Deploy.0 = Debug|x64
		{461615D1-6FA5-4149-AEF3-2A04AE724D32}.AppStore|x86.ActiveCfg = Debug|x86
		{461615D1-6FA5-4149-AEF3-2A04AE724D32}.AppStore|x86.Build.0 = Debug|x86
		{461615D1-6FA5-4149-AEF3-2A04AE724D32}.AppStore|x86.Deploy.0 = Debug|x86
		{461615D1-6FA5-4149-AEF3-2A04AE724D32}.Debug|Any CPU.ActiveCfg = Debug|x86
		{461615D1-6FA5-4149-AEF3-2A04AE724D32}.Debug|Any CPU.Build.0 = Debug|x86
		{461615D1-6FA5-4149-AEF3-2A04AE724D32}.Debug|Any CPU.Deploy.0 = Debug|x86
		{461615D1-6FA5-4149-AEF3-2A04AE724D32}.Debug|ARM.ActiveCfg = Debug|ARM
		{461615D1-6FA5-4149-AEF3-2A04AE724D32}.Debug|ARM.Build.0 = Debug|ARM
		{461615D1-6FA5-4149-AEF3-2A04AE724D32}.Debug|ARM.Deploy.0 = Debug|ARM
		{461615D1-6FA5-4149-AEF3-2A04AE724D32}.Debug|ARM64.ActiveCfg = Debug|ARM64
		{461615D1-6FA5-4149-AEF3-2A04AE724D32}.Debug|ARM64.Build.0 = Debug|ARM64
		{461615D1-6FA5-4149-AEF3-2A04AE724D32}.Debug|ARM64.Deploy.0 = Debug|ARM64
		{461615D1-6FA5-4149-AEF3-2A04AE724D32}.Debug|iPhone.ActiveCfg = Debug|x86
		{461615D1-6FA5-4149-AEF3-2A04AE724D32}.Debug|iPhoneSimulator.ActiveCfg = Debug|x86
		{461615D1-6FA5-4149-AEF3-2A04AE724D32}.Debug|x64.ActiveCfg = Debug|x64
		{461615D1-6FA5-4149-AEF3-2A04AE724D32}.Debug|x64.Build.0 = Debug|x64
		{461615D1-6FA5-4149-AEF3-2A04AE724D32}.Debug|x64.Deploy.0 = Debug|x64
		{461615D1-6FA5-4149-AEF3-2A04AE724D32}.Debug|x86.ActiveCfg = Debug|x86
		{461615D1-6FA5-4149-AEF3-2A04AE724D32}.Debug|x86.Build.0 = Debug|x86
		{461615D1-6FA5-4149-AEF3-2A04AE724D32}.Debug|x86.Deploy.0 = Debug|x86
		{461615D1-6FA5-4149-AEF3-2A04AE724D32}.Release|Any CPU.ActiveCfg = Release|x86
		{461615D1-6FA5-4149-AEF3-2A04AE724D32}.Release|ARM.ActiveCfg = Release|ARM
		{461615D1-6FA5-4149-AEF3-2A04AE724D32}.Release|ARM.Build.0 = Release|ARM
		{461615D1-6FA5-4149-AEF3-2A04AE724D32}.Release|ARM.Deploy.0 = Release|ARM
		{461615D1-6FA5-4149-AEF3-2A04AE724D32}.Release|ARM64.ActiveCfg = Release|ARM64
		{461615D1-6FA5-4149-AEF3-2A04AE724D32}.Release|ARM64.Build.0 = Release|ARM64
		{461615D1-6FA5-4149-AEF3-2A04AE724D32}.Release|ARM64.Deploy.0 = Release|ARM64
		{461615D1-6FA5-4149-AEF3-2A04AE724D32}.Release|iPhone.ActiveCfg = Release|x86
		{461615D1-6FA5-4149-AEF3-2A04AE724D32}.Release|iPhoneSimulator.ActiveCfg = Release|x86
		{461615D1-6FA5-4149-AEF3-2A04AE724D32}.Release|x64.ActiveCfg = Release|x64
		{461615D1-6FA5-4149-AEF3-2A04AE724D32}.Release|x64.Build.0 = Release|x64
		{461615D1-6FA5-4149-AEF3-2A04AE724D32}.Release|x64.Deploy.0 = Release|x64
		{461615D1-6FA5-4149-AEF3-2A04AE724D32}.Release|x86.ActiveCfg = Release|x86
		{461615D1-6FA5-4149-AEF3-2A04AE724D32}.Release|x86.Build.0 = Release|x86
		{461615D1-6FA5-4149-AEF3-2A04AE724D32}.Release|x86.Deploy.0 = Release|x86
		{1DFDC4EF-F1E3-40AC-A430-A76EAF011D92}.Ad-Hoc|Any CPU.ActiveCfg = Debug|Any CPU
		{1DFDC4EF-F1E3-40AC-A430-A76EAF011D92}.Ad-Hoc|Any CPU.Build.0 = Debug|Any CPU
		{1DFDC4EF-F1E3-40AC-A430-A76EAF011D92}.Ad-Hoc|ARM.ActiveCfg = Debug|Any CPU
		{1DFDC4EF-F1E3-40AC-A430-A76EAF011D92}.Ad-Hoc|ARM.Build.0 = Debug|Any CPU
		{1DFDC4EF-F1E3-40AC-A430-A76EAF011D92}.Ad-Hoc|ARM64.ActiveCfg = Debug|Any CPU
		{1DFDC4EF-F1E3-40AC-A430-A76EAF011D92}.Ad-Hoc|ARM64.Build.0 = Debug|Any CPU
		{1DFDC4EF-F1E3-40AC-A430-A76EAF011D92}.Ad-Hoc|iPhone.ActiveCfg = Debug|Any CPU
		{1DFDC4EF-F1E3-40AC-A430-A76EAF011D92}.Ad-Hoc|iPhone.Build.0 = Debug|Any CPU
		{1DFDC4EF-F1E3-40AC-A430-A76EAF011D92}.Ad-Hoc|iPhoneSimulator.ActiveCfg = Debug|Any CPU
		{1DFDC4EF-F1E3-40AC-A430-A76EAF011D92}.Ad-Hoc|iPhoneSimulator.Build.0 = Debug|Any CPU
		{1DFDC4EF-F1E3-40AC-A430-A76EAF011D92}.Ad-Hoc|x64.ActiveCfg = Debug|Any CPU
		{1DFDC4EF-F1E3-40AC-A430-A76EAF011D92}.Ad-Hoc|x64.Build.0 = Debug|Any CPU
		{1DFDC4EF-F1E3-40AC-A430-A76EAF011D92}.Ad-Hoc|x86.ActiveCfg = Debug|Any CPU
		{1DFDC4EF-F1E3-40AC-A430-A76EAF011D92}.Ad-Hoc|x86.Build.0 = Debug|Any CPU
		{1DFDC4EF-F1E3-40AC-A430-A76EAF011D92}.AppStore|Any CPU.ActiveCfg = Debug|Any CPU
		{1DFDC4EF-F1E3-40AC-A430-A76EAF011D92}.AppStore|Any CPU.Build.0 = Debug|Any CPU
		{1DFDC4EF-F1E3-40AC-A430-A76EAF011D92}.AppStore|ARM.ActiveCfg = Debug|Any CPU
		{1DFDC4EF-F1E3-40AC-A430-A76EAF011D92}.AppStore|ARM.Build.0 = Debug|Any CPU
		{1DFDC4EF-F1E3-40AC-A430-A76EAF011D92}.AppStore|ARM64.ActiveCfg = Debug|Any CPU
		{1DFDC4EF-F1E3-40AC-A430-A76EAF011D92}.AppStore|ARM64.Build.0 = Debug|Any CPU
		{1DFDC4EF-F1E3-40AC-A430-A76EAF011D92}.AppStore|iPhone.ActiveCfg = Debug|Any CPU
		{1DFDC4EF-F1E3-40AC-A430-A76EAF011D92}.AppStore|iPhone.Build.0 = Debug|Any CPU
		{1DFDC4EF-F1E3-40AC-A430-A76EAF011D92}.AppStore|iPhoneSimulator.ActiveCfg = Debug|Any CPU
		{1DFDC4EF-F1E3-40AC-A430-A76EAF011D92}.AppStore|iPhoneSimulator.Build.0 = Debug|Any CPU
		{1DFDC4EF-F1E3-40AC-A430-A76EAF011D92}.AppStore|x64.ActiveCfg = Debug|Any CPU
		{1DFDC4EF-F1E3-40AC-A430-A76EAF011D92}.AppStore|x64.Build.0 = Debug|Any CPU
		{1DFDC4EF-F1E3-40AC-A430-A76EAF011D92}.AppStore|x86.ActiveCfg = Debug|Any CPU
		{1DFDC4EF-F1E3-40AC-A430-A76EAF011D92}.AppStore|x86.Build.0 = Debug|Any CPU
		{1DFDC4EF-F1E3-40AC-A430-A76EAF011D92}.Debug|Any CPU.ActiveCfg = Debug|Any CPU
		{1DFDC4EF-F1E3-40AC-A430-A76EAF011D92}.Debug|Any CPU.Build.0 = Debug|Any CPU
		{1DFDC4EF-F1E3-40AC-A430-A76EAF011D92}.Debug|ARM.ActiveCfg = Debug|Any CPU
		{1DFDC4EF-F1E3-40AC-A430-A76EAF011D92}.Debug|ARM.Build.0 = Debug|Any CPU
		{1DFDC4EF-F1E3-40AC-A430-A76EAF011D92}.Debug|ARM64.ActiveCfg = Debug|Any CPU
		{1DFDC4EF-F1E3-40AC-A430-A76EAF011D92}.Debug|ARM64.Build.0 = Debug|Any CPU
		{1DFDC4EF-F1E3-40AC-A430-A76EAF011D92}.Debug|iPhone.ActiveCfg = Debug|Any CPU
		{1DFDC4EF-F1E3-40AC-A430-A76EAF011D92}.Debug|iPhone.Build.0 = Debug|Any CPU
		{1DFDC4EF-F1E3-40AC-A430-A76EAF011D92}.Debug|iPhoneSimulator.ActiveCfg = Debug|Any CPU
		{1DFDC4EF-F1E3-40AC-A430-A76EAF011D92}.Debug|iPhoneSimulator.Build.0 = Debug|Any CPU
		{1DFDC4EF-F1E3-40AC-A430-A76EAF011D92}.Debug|x64.ActiveCfg = Debug|Any CPU
		{1DFDC4EF-F1E3-40AC-A430-A76EAF011D92}.Debug|x64.Build.0 = Debug|Any CPU
		{1DFDC4EF-F1E3-40AC-A430-A76EAF011D92}.Debug|x86.ActiveCfg = Debug|Any CPU
		{1DFDC4EF-F1E3-40AC-A430-A76EAF011D92}.Debug|x86.Build.0 = Debug|Any CPU
		{1DFDC4EF-F1E3-40AC-A430-A76EAF011D92}.Release|Any CPU.ActiveCfg = Release|Any CPU
		{1DFDC4EF-F1E3-40AC-A430-A76EAF011D92}.Release|Any CPU.Build.0 = Release|Any CPU
		{1DFDC4EF-F1E3-40AC-A430-A76EAF011D92}.Release|ARM.ActiveCfg = Release|Any CPU
		{1DFDC4EF-F1E3-40AC-A430-A76EAF011D92}.Release|ARM.Build.0 = Release|Any CPU
		{1DFDC4EF-F1E3-40AC-A430-A76EAF011D92}.Release|ARM64.ActiveCfg = Release|Any CPU
		{1DFDC4EF-F1E3-40AC-A430-A76EAF011D92}.Release|ARM64.Build.0 = Release|Any CPU
		{1DFDC4EF-F1E3-40AC-A430-A76EAF011D92}.Release|iPhone.ActiveCfg = Release|Any CPU
		{1DFDC4EF-F1E3-40AC-A430-A76EAF011D92}.Release|iPhone.Build.0 = Release|Any CPU
		{1DFDC4EF-F1E3-40AC-A430-A76EAF011D92}.Release|iPhoneSimulator.ActiveCfg = Release|Any CPU
		{1DFDC4EF-F1E3-40AC-A430-A76EAF011D92}.Release|iPhoneSimulator.Build.0 = Release|Any CPU
		{1DFDC4EF-F1E3-40AC-A430-A76EAF011D92}.Release|x64.ActiveCfg = Release|Any CPU
		{1DFDC4EF-F1E3-40AC-A430-A76EAF011D92}.Release|x64.Build.0 = Release|Any CPU
		{1DFDC4EF-F1E3-40AC-A430-A76EAF011D92}.Release|x86.ActiveCfg = Release|Any CPU
		{1DFDC4EF-F1E3-40AC-A430-A76EAF011D92}.Release|x86.Build.0 = Release|Any CPU
		{C9E648FE-3AE8-4A2E-BC2E-4B1549E9F238}.Ad-Hoc|Any CPU.ActiveCfg = Debug|iPhoneSimulator
		{C9E648FE-3AE8-4A2E-BC2E-4B1549E9F238}.Ad-Hoc|Any CPU.Build.0 = Debug|iPhoneSimulator
		{C9E648FE-3AE8-4A2E-BC2E-4B1549E9F238}.Ad-Hoc|ARM.ActiveCfg = Debug|iPhoneSimulator
		{C9E648FE-3AE8-4A2E-BC2E-4B1549E9F238}.Ad-Hoc|ARM.Build.0 = Debug|iPhoneSimulator
		{C9E648FE-3AE8-4A2E-BC2E-4B1549E9F238}.Ad-Hoc|ARM64.ActiveCfg = Debug|iPhoneSimulator
		{C9E648FE-3AE8-4A2E-BC2E-4B1549E9F238}.Ad-Hoc|ARM64.Build.0 = Debug|iPhoneSimulator
		{C9E648FE-3AE8-4A2E-BC2E-4B1549E9F238}.Ad-Hoc|iPhone.ActiveCfg = Debug|iPhoneSimulator
		{C9E648FE-3AE8-4A2E-BC2E-4B1549E9F238}.Ad-Hoc|iPhone.Build.0 = Debug|iPhoneSimulator
		{C9E648FE-3AE8-4A2E-BC2E-4B1549E9F238}.Ad-Hoc|iPhoneSimulator.ActiveCfg = Debug|iPhoneSimulator
		{C9E648FE-3AE8-4A2E-BC2E-4B1549E9F238}.Ad-Hoc|iPhoneSimulator.Build.0 = Debug|iPhoneSimulator
		{C9E648FE-3AE8-4A2E-BC2E-4B1549E9F238}.Ad-Hoc|x64.ActiveCfg = Debug|iPhoneSimulator
		{C9E648FE-3AE8-4A2E-BC2E-4B1549E9F238}.Ad-Hoc|x64.Build.0 = Debug|iPhoneSimulator
		{C9E648FE-3AE8-4A2E-BC2E-4B1549E9F238}.Ad-Hoc|x86.ActiveCfg = Debug|iPhoneSimulator
		{C9E648FE-3AE8-4A2E-BC2E-4B1549E9F238}.Ad-Hoc|x86.Build.0 = Debug|iPhoneSimulator
		{C9E648FE-3AE8-4A2E-BC2E-4B1549E9F238}.AppStore|Any CPU.ActiveCfg = Debug|iPhoneSimulator
		{C9E648FE-3AE8-4A2E-BC2E-4B1549E9F238}.AppStore|Any CPU.Build.0 = Debug|iPhoneSimulator
		{C9E648FE-3AE8-4A2E-BC2E-4B1549E9F238}.AppStore|ARM.ActiveCfg = Debug|iPhoneSimulator
		{C9E648FE-3AE8-4A2E-BC2E-4B1549E9F238}.AppStore|ARM.Build.0 = Debug|iPhoneSimulator
		{C9E648FE-3AE8-4A2E-BC2E-4B1549E9F238}.AppStore|ARM64.ActiveCfg = Debug|iPhoneSimulator
		{C9E648FE-3AE8-4A2E-BC2E-4B1549E9F238}.AppStore|ARM64.Build.0 = Debug|iPhoneSimulator
		{C9E648FE-3AE8-4A2E-BC2E-4B1549E9F238}.AppStore|iPhone.ActiveCfg = Debug|iPhoneSimulator
		{C9E648FE-3AE8-4A2E-BC2E-4B1549E9F238}.AppStore|iPhone.Build.0 = Debug|iPhoneSimulator
		{C9E648FE-3AE8-4A2E-BC2E-4B1549E9F238}.AppStore|iPhoneSimulator.ActiveCfg = Debug|iPhoneSimulator
		{C9E648FE-3AE8-4A2E-BC2E-4B1549E9F238}.AppStore|iPhoneSimulator.Build.0 = Debug|iPhoneSimulator
		{C9E648FE-3AE8-4A2E-BC2E-4B1549E9F238}.AppStore|x64.ActiveCfg = Debug|iPhoneSimulator
		{C9E648FE-3AE8-4A2E-BC2E-4B1549E9F238}.AppStore|x64.Build.0 = Debug|iPhoneSimulator
		{C9E648FE-3AE8-4A2E-BC2E-4B1549E9F238}.AppStore|x86.ActiveCfg = Debug|iPhoneSimulator
		{C9E648FE-3AE8-4A2E-BC2E-4B1549E9F238}.AppStore|x86.Build.0 = Debug|iPhoneSimulator
		{C9E648FE-3AE8-4A2E-BC2E-4B1549E9F238}.Debug|Any CPU.ActiveCfg = Debug|iPhoneSimulator
		{C9E648FE-3AE8-4A2E-BC2E-4B1549E9F238}.Debug|ARM.ActiveCfg = Debug|iPhoneSimulator
		{C9E648FE-3AE8-4A2E-BC2E-4B1549E9F238}.Debug|ARM64.ActiveCfg = Debug|iPhoneSimulator
		{C9E648FE-3AE8-4A2E-BC2E-4B1549E9F238}.Debug|iPhone.ActiveCfg = Debug|iPhoneSimulator
		{C9E648FE-3AE8-4A2E-BC2E-4B1549E9F238}.Debug|iPhoneSimulator.ActiveCfg = Debug|iPhoneSimulator
		{C9E648FE-3AE8-4A2E-BC2E-4B1549E9F238}.Debug|iPhoneSimulator.Build.0 = Debug|iPhoneSimulator
		{C9E648FE-3AE8-4A2E-BC2E-4B1549E9F238}.Debug|x64.ActiveCfg = Debug|iPhoneSimulator
		{C9E648FE-3AE8-4A2E-BC2E-4B1549E9F238}.Debug|x86.ActiveCfg = Debug|iPhoneSimulator
		{C9E648FE-3AE8-4A2E-BC2E-4B1549E9F238}.Release|Any CPU.ActiveCfg = Release|iPhoneSimulator
		{C9E648FE-3AE8-4A2E-BC2E-4B1549E9F238}.Release|ARM.ActiveCfg = Release|iPhoneSimulator
		{C9E648FE-3AE8-4A2E-BC2E-4B1549E9F238}.Release|ARM64.ActiveCfg = Release|iPhoneSimulator
		{C9E648FE-3AE8-4A2E-BC2E-4B1549E9F238}.Release|iPhone.ActiveCfg = Release|iPhoneSimulator
		{C9E648FE-3AE8-4A2E-BC2E-4B1549E9F238}.Release|iPhoneSimulator.ActiveCfg = Release|iPhoneSimulator
		{C9E648FE-3AE8-4A2E-BC2E-4B1549E9F238}.Release|iPhoneSimulator.Build.0 = Release|iPhoneSimulator
		{C9E648FE-3AE8-4A2E-BC2E-4B1549E9F238}.Release|x64.ActiveCfg = Release|iPhoneSimulator
		{C9E648FE-3AE8-4A2E-BC2E-4B1549E9F238}.Release|x86.ActiveCfg = Release|iPhoneSimulator
		{1E0DF798-52EA-4ABA-82A5-40343336AD12}.Ad-Hoc|Any CPU.ActiveCfg = Debug|Any CPU
		{1E0DF798-52EA-4ABA-82A5-40343336AD12}.Ad-Hoc|Any CPU.Build.0 = Debug|Any CPU
		{1E0DF798-52EA-4ABA-82A5-40343336AD12}.Ad-Hoc|ARM.ActiveCfg = Debug|Any CPU
		{1E0DF798-52EA-4ABA-82A5-40343336AD12}.Ad-Hoc|ARM.Build.0 = Debug|Any CPU
		{1E0DF798-52EA-4ABA-82A5-40343336AD12}.Ad-Hoc|ARM64.ActiveCfg = Debug|Any CPU
		{1E0DF798-52EA-4ABA-82A5-40343336AD12}.Ad-Hoc|ARM64.Build.0 = Debug|Any CPU
		{1E0DF798-52EA-4ABA-82A5-40343336AD12}.Ad-Hoc|iPhone.ActiveCfg = Debug|Any CPU
		{1E0DF798-52EA-4ABA-82A5-40343336AD12}.Ad-Hoc|iPhone.Build.0 = Debug|Any CPU
		{1E0DF798-52EA-4ABA-82A5-40343336AD12}.Ad-Hoc|iPhoneSimulator.ActiveCfg = Debug|Any CPU
		{1E0DF798-52EA-4ABA-82A5-40343336AD12}.Ad-Hoc|iPhoneSimulator.Build.0 = Debug|Any CPU
		{1E0DF798-52EA-4ABA-82A5-40343336AD12}.Ad-Hoc|x64.ActiveCfg = Debug|Any CPU
		{1E0DF798-52EA-4ABA-82A5-40343336AD12}.Ad-Hoc|x64.Build.0 = Debug|Any CPU
		{1E0DF798-52EA-4ABA-82A5-40343336AD12}.Ad-Hoc|x86.ActiveCfg = Debug|Any CPU
		{1E0DF798-52EA-4ABA-82A5-40343336AD12}.Ad-Hoc|x86.Build.0 = Debug|Any CPU
		{1E0DF798-52EA-4ABA-82A5-40343336AD12}.AppStore|Any CPU.ActiveCfg = Debug|Any CPU
		{1E0DF798-52EA-4ABA-82A5-40343336AD12}.AppStore|Any CPU.Build.0 = Debug|Any CPU
		{1E0DF798-52EA-4ABA-82A5-40343336AD12}.AppStore|ARM.ActiveCfg = Debug|Any CPU
		{1E0DF798-52EA-4ABA-82A5-40343336AD12}.AppStore|ARM.Build.0 = Debug|Any CPU
		{1E0DF798-52EA-4ABA-82A5-40343336AD12}.AppStore|ARM64.ActiveCfg = Debug|Any CPU
		{1E0DF798-52EA-4ABA-82A5-40343336AD12}.AppStore|ARM64.Build.0 = Debug|Any CPU
		{1E0DF798-52EA-4ABA-82A5-40343336AD12}.AppStore|iPhone.ActiveCfg = Debug|Any CPU
		{1E0DF798-52EA-4ABA-82A5-40343336AD12}.AppStore|iPhone.Build.0 = Debug|Any CPU
		{1E0DF798-52EA-4ABA-82A5-40343336AD12}.AppStore|iPhoneSimulator.ActiveCfg = Debug|Any CPU
		{1E0DF798-52EA-4ABA-82A5-40343336AD12}.AppStore|iPhoneSimulator.Build.0 = Debug|Any CPU
		{1E0DF798-52EA-4ABA-82A5-40343336AD12}.AppStore|x64.ActiveCfg = Debug|Any CPU
		{1E0DF798-52EA-4ABA-82A5-40343336AD12}.AppStore|x64.Build.0 = Debug|Any CPU
		{1E0DF798-52EA-4ABA-82A5-40343336AD12}.AppStore|x86.ActiveCfg = Debug|Any CPU
		{1E0DF798-52EA-4ABA-82A5-40343336AD12}.AppStore|x86.Build.0 = Debug|Any CPU
		{1E0DF798-52EA-4ABA-82A5-40343336AD12}.Debug|Any CPU.ActiveCfg = Debug|Any CPU
		{1E0DF798-52EA-4ABA-82A5-40343336AD12}.Debug|Any CPU.Build.0 = Debug|Any CPU
		{1E0DF798-52EA-4ABA-82A5-40343336AD12}.Debug|ARM.ActiveCfg = Debug|Any CPU
		{1E0DF798-52EA-4ABA-82A5-40343336AD12}.Debug|ARM.Build.0 = Debug|Any CPU
		{1E0DF798-52EA-4ABA-82A5-40343336AD12}.Debug|ARM64.ActiveCfg = Debug|Any CPU
		{1E0DF798-52EA-4ABA-82A5-40343336AD12}.Debug|ARM64.Build.0 = Debug|Any CPU
		{1E0DF798-52EA-4ABA-82A5-40343336AD12}.Debug|iPhone.ActiveCfg = Debug|Any CPU
		{1E0DF798-52EA-4ABA-82A5-40343336AD12}.Debug|iPhone.Build.0 = Debug|Any CPU
		{1E0DF798-52EA-4ABA-82A5-40343336AD12}.Debug|iPhoneSimulator.ActiveCfg = Debug|Any CPU
		{1E0DF798-52EA-4ABA-82A5-40343336AD12}.Debug|iPhoneSimulator.Build.0 = Debug|Any CPU
		{1E0DF798-52EA-4ABA-82A5-40343336AD12}.Debug|x64.ActiveCfg = Debug|Any CPU
		{1E0DF798-52EA-4ABA-82A5-40343336AD12}.Debug|x64.Build.0 = Debug|Any CPU
		{1E0DF798-52EA-4ABA-82A5-40343336AD12}.Debug|x86.ActiveCfg = Debug|Any CPU
		{1E0DF798-52EA-4ABA-82A5-40343336AD12}.Debug|x86.Build.0 = Debug|Any CPU
		{1E0DF798-52EA-4ABA-82A5-40343336AD12}.Release|Any CPU.ActiveCfg = Release|Any CPU
		{1E0DF798-52EA-4ABA-82A5-40343336AD12}.Release|Any CPU.Build.0 = Release|Any CPU
		{1E0DF798-52EA-4ABA-82A5-40343336AD12}.Release|ARM.ActiveCfg = Release|Any CPU
		{1E0DF798-52EA-4ABA-82A5-40343336AD12}.Release|ARM.Build.0 = Release|Any CPU
		{1E0DF798-52EA-4ABA-82A5-40343336AD12}.Release|ARM64.ActiveCfg = Release|Any CPU
		{1E0DF798-52EA-4ABA-82A5-40343336AD12}.Release|ARM64.Build.0 = Release|Any CPU
		{1E0DF798-52EA-4ABA-82A5-40343336AD12}.Release|iPhone.ActiveCfg = Release|Any CPU
		{1E0DF798-52EA-4ABA-82A5-40343336AD12}.Release|iPhone.Build.0 = Release|Any CPU
		{1E0DF798-52EA-4ABA-82A5-40343336AD12}.Release|iPhoneSimulator.ActiveCfg = Release|Any CPU
		{1E0DF798-52EA-4ABA-82A5-40343336AD12}.Release|iPhoneSimulator.Build.0 = Release|Any CPU
		{1E0DF798-52EA-4ABA-82A5-40343336AD12}.Release|x64.ActiveCfg = Release|Any CPU
		{1E0DF798-52EA-4ABA-82A5-40343336AD12}.Release|x64.Build.0 = Release|Any CPU
		{1E0DF798-52EA-4ABA-82A5-40343336AD12}.Release|x86.ActiveCfg = Release|Any CPU
		{1E0DF798-52EA-4ABA-82A5-40343336AD12}.Release|x86.Build.0 = Release|Any CPU
		{7FE65889-2E2B-47D9-8475-B71CAF057E9F}.Ad-Hoc|Any CPU.ActiveCfg = Debug|Any CPU
		{7FE65889-2E2B-47D9-8475-B71CAF057E9F}.Ad-Hoc|Any CPU.Build.0 = Debug|Any CPU
		{7FE65889-2E2B-47D9-8475-B71CAF057E9F}.Ad-Hoc|ARM.ActiveCfg = Debug|Any CPU
		{7FE65889-2E2B-47D9-8475-B71CAF057E9F}.Ad-Hoc|ARM.Build.0 = Debug|Any CPU
		{7FE65889-2E2B-47D9-8475-B71CAF057E9F}.Ad-Hoc|ARM64.ActiveCfg = Debug|Any CPU
		{7FE65889-2E2B-47D9-8475-B71CAF057E9F}.Ad-Hoc|ARM64.Build.0 = Debug|Any CPU
		{7FE65889-2E2B-47D9-8475-B71CAF057E9F}.Ad-Hoc|iPhone.ActiveCfg = Debug|Any CPU
		{7FE65889-2E2B-47D9-8475-B71CAF057E9F}.Ad-Hoc|iPhone.Build.0 = Debug|Any CPU
		{7FE65889-2E2B-47D9-8475-B71CAF057E9F}.Ad-Hoc|iPhoneSimulator.ActiveCfg = Debug|Any CPU
		{7FE65889-2E2B-47D9-8475-B71CAF057E9F}.Ad-Hoc|iPhoneSimulator.Build.0 = Debug|Any CPU
		{7FE65889-2E2B-47D9-8475-B71CAF057E9F}.Ad-Hoc|x64.ActiveCfg = Debug|Any CPU
		{7FE65889-2E2B-47D9-8475-B71CAF057E9F}.Ad-Hoc|x64.Build.0 = Debug|Any CPU
		{7FE65889-2E2B-47D9-8475-B71CAF057E9F}.Ad-Hoc|x86.ActiveCfg = Debug|Any CPU
		{7FE65889-2E2B-47D9-8475-B71CAF057E9F}.Ad-Hoc|x86.Build.0 = Debug|Any CPU
		{7FE65889-2E2B-47D9-8475-B71CAF057E9F}.AppStore|Any CPU.ActiveCfg = Debug|Any CPU
		{7FE65889-2E2B-47D9-8475-B71CAF057E9F}.AppStore|Any CPU.Build.0 = Debug|Any CPU
		{7FE65889-2E2B-47D9-8475-B71CAF057E9F}.AppStore|ARM.ActiveCfg = Debug|Any CPU
		{7FE65889-2E2B-47D9-8475-B71CAF057E9F}.AppStore|ARM.Build.0 = Debug|Any CPU
		{7FE65889-2E2B-47D9-8475-B71CAF057E9F}.AppStore|ARM64.ActiveCfg = Debug|Any CPU
		{7FE65889-2E2B-47D9-8475-B71CAF057E9F}.AppStore|ARM64.Build.0 = Debug|Any CPU
		{7FE65889-2E2B-47D9-8475-B71CAF057E9F}.AppStore|iPhone.ActiveCfg = Debug|Any CPU
		{7FE65889-2E2B-47D9-8475-B71CAF057E9F}.AppStore|iPhone.Build.0 = Debug|Any CPU
		{7FE65889-2E2B-47D9-8475-B71CAF057E9F}.AppStore|iPhoneSimulator.ActiveCfg = Debug|Any CPU
		{7FE65889-2E2B-47D9-8475-B71CAF057E9F}.AppStore|iPhoneSimulator.Build.0 = Debug|Any CPU
		{7FE65889-2E2B-47D9-8475-B71CAF057E9F}.AppStore|x64.ActiveCfg = Debug|Any CPU
		{7FE65889-2E2B-47D9-8475-B71CAF057E9F}.AppStore|x64.Build.0 = Debug|Any CPU
		{7FE65889-2E2B-47D9-8475-B71CAF057E9F}.AppStore|x86.ActiveCfg = Debug|Any CPU
		{7FE65889-2E2B-47D9-8475-B71CAF057E9F}.AppStore|x86.Build.0 = Debug|Any CPU
		{7FE65889-2E2B-47D9-8475-B71CAF057E9F}.Debug|Any CPU.ActiveCfg = Debug|Any CPU
		{7FE65889-2E2B-47D9-8475-B71CAF057E9F}.Debug|Any CPU.Build.0 = Debug|Any CPU
		{7FE65889-2E2B-47D9-8475-B71CAF057E9F}.Debug|ARM.ActiveCfg = Debug|Any CPU
		{7FE65889-2E2B-47D9-8475-B71CAF057E9F}.Debug|ARM.Build.0 = Debug|Any CPU
		{7FE65889-2E2B-47D9-8475-B71CAF057E9F}.Debug|ARM64.ActiveCfg = Debug|Any CPU
		{7FE65889-2E2B-47D9-8475-B71CAF057E9F}.Debug|ARM64.Build.0 = Debug|Any CPU
		{7FE65889-2E2B-47D9-8475-B71CAF057E9F}.Debug|iPhone.ActiveCfg = Debug|Any CPU
		{7FE65889-2E2B-47D9-8475-B71CAF057E9F}.Debug|iPhone.Build.0 = Debug|Any CPU
		{7FE65889-2E2B-47D9-8475-B71CAF057E9F}.Debug|iPhoneSimulator.ActiveCfg = Debug|Any CPU
		{7FE65889-2E2B-47D9-8475-B71CAF057E9F}.Debug|iPhoneSimulator.Build.0 = Debug|Any CPU
		{7FE65889-2E2B-47D9-8475-B71CAF057E9F}.Debug|x64.ActiveCfg = Debug|Any CPU
		{7FE65889-2E2B-47D9-8475-B71CAF057E9F}.Debug|x64.Build.0 = Debug|Any CPU
		{7FE65889-2E2B-47D9-8475-B71CAF057E9F}.Debug|x86.ActiveCfg = Debug|Any CPU
		{7FE65889-2E2B-47D9-8475-B71CAF057E9F}.Debug|x86.Build.0 = Debug|Any CPU
		{7FE65889-2E2B-47D9-8475-B71CAF057E9F}.Release|Any CPU.ActiveCfg = Release|Any CPU
		{7FE65889-2E2B-47D9-8475-B71CAF057E9F}.Release|Any CPU.Build.0 = Release|Any CPU
		{7FE65889-2E2B-47D9-8475-B71CAF057E9F}.Release|ARM.ActiveCfg = Release|Any CPU
		{7FE65889-2E2B-47D9-8475-B71CAF057E9F}.Release|ARM.Build.0 = Release|Any CPU
		{7FE65889-2E2B-47D9-8475-B71CAF057E9F}.Release|ARM64.ActiveCfg = Release|Any CPU
		{7FE65889-2E2B-47D9-8475-B71CAF057E9F}.Release|ARM64.Build.0 = Release|Any CPU
		{7FE65889-2E2B-47D9-8475-B71CAF057E9F}.Release|iPhone.ActiveCfg = Release|Any CPU
		{7FE65889-2E2B-47D9-8475-B71CAF057E9F}.Release|iPhone.Build.0 = Release|Any CPU
		{7FE65889-2E2B-47D9-8475-B71CAF057E9F}.Release|iPhoneSimulator.ActiveCfg = Release|Any CPU
		{7FE65889-2E2B-47D9-8475-B71CAF057E9F}.Release|iPhoneSimulator.Build.0 = Release|Any CPU
		{7FE65889-2E2B-47D9-8475-B71CAF057E9F}.Release|x64.ActiveCfg = Release|Any CPU
		{7FE65889-2E2B-47D9-8475-B71CAF057E9F}.Release|x64.Build.0 = Release|Any CPU
		{7FE65889-2E2B-47D9-8475-B71CAF057E9F}.Release|x86.ActiveCfg = Release|Any CPU
		{7FE65889-2E2B-47D9-8475-B71CAF057E9F}.Release|x86.Build.0 = Release|Any CPU
		{9B48D901-1A3B-421E-B978-3CD42B636E1A}.Ad-Hoc|Any CPU.ActiveCfg = Debug|Any CPU
		{9B48D901-1A3B-421E-B978-3CD42B636E1A}.Ad-Hoc|Any CPU.Build.0 = Debug|Any CPU
		{9B48D901-1A3B-421E-B978-3CD42B636E1A}.Ad-Hoc|ARM.ActiveCfg = Debug|Any CPU
		{9B48D901-1A3B-421E-B978-3CD42B636E1A}.Ad-Hoc|ARM.Build.0 = Debug|Any CPU
		{9B48D901-1A3B-421E-B978-3CD42B636E1A}.Ad-Hoc|ARM64.ActiveCfg = Debug|Any CPU
		{9B48D901-1A3B-421E-B978-3CD42B636E1A}.Ad-Hoc|ARM64.Build.0 = Debug|Any CPU
		{9B48D901-1A3B-421E-B978-3CD42B636E1A}.Ad-Hoc|iPhone.ActiveCfg = Debug|Any CPU
		{9B48D901-1A3B-421E-B978-3CD42B636E1A}.Ad-Hoc|iPhone.Build.0 = Debug|Any CPU
		{9B48D901-1A3B-421E-B978-3CD42B636E1A}.Ad-Hoc|iPhoneSimulator.ActiveCfg = Debug|Any CPU
		{9B48D901-1A3B-421E-B978-3CD42B636E1A}.Ad-Hoc|iPhoneSimulator.Build.0 = Debug|Any CPU
		{9B48D901-1A3B-421E-B978-3CD42B636E1A}.Ad-Hoc|x64.ActiveCfg = Debug|Any CPU
		{9B48D901-1A3B-421E-B978-3CD42B636E1A}.Ad-Hoc|x64.Build.0 = Debug|Any CPU
		{9B48D901-1A3B-421E-B978-3CD42B636E1A}.Ad-Hoc|x86.ActiveCfg = Debug|Any CPU
		{9B48D901-1A3B-421E-B978-3CD42B636E1A}.Ad-Hoc|x86.Build.0 = Debug|Any CPU
		{9B48D901-1A3B-421E-B978-3CD42B636E1A}.AppStore|Any CPU.ActiveCfg = Debug|Any CPU
		{9B48D901-1A3B-421E-B978-3CD42B636E1A}.AppStore|Any CPU.Build.0 = Debug|Any CPU
		{9B48D901-1A3B-421E-B978-3CD42B636E1A}.AppStore|ARM.ActiveCfg = Debug|Any CPU
		{9B48D901-1A3B-421E-B978-3CD42B636E1A}.AppStore|ARM.Build.0 = Debug|Any CPU
		{9B48D901-1A3B-421E-B978-3CD42B636E1A}.AppStore|ARM64.ActiveCfg = Debug|Any CPU
		{9B48D901-1A3B-421E-B978-3CD42B636E1A}.AppStore|ARM64.Build.0 = Debug|Any CPU
		{9B48D901-1A3B-421E-B978-3CD42B636E1A}.AppStore|iPhone.ActiveCfg = Debug|Any CPU
		{9B48D901-1A3B-421E-B978-3CD42B636E1A}.AppStore|iPhone.Build.0 = Debug|Any CPU
		{9B48D901-1A3B-421E-B978-3CD42B636E1A}.AppStore|iPhoneSimulator.ActiveCfg = Debug|Any CPU
		{9B48D901-1A3B-421E-B978-3CD42B636E1A}.AppStore|iPhoneSimulator.Build.0 = Debug|Any CPU
		{9B48D901-1A3B-421E-B978-3CD42B636E1A}.AppStore|x64.ActiveCfg = Debug|Any CPU
		{9B48D901-1A3B-421E-B978-3CD42B636E1A}.AppStore|x64.Build.0 = Debug|Any CPU
		{9B48D901-1A3B-421E-B978-3CD42B636E1A}.AppStore|x86.ActiveCfg = Debug|Any CPU
		{9B48D901-1A3B-421E-B978-3CD42B636E1A}.AppStore|x86.Build.0 = Debug|Any CPU
		{9B48D901-1A3B-421E-B978-3CD42B636E1A}.Debug|Any CPU.ActiveCfg = Debug|Any CPU
		{9B48D901-1A3B-421E-B978-3CD42B636E1A}.Debug|Any CPU.Build.0 = Debug|Any CPU
		{9B48D901-1A3B-421E-B978-3CD42B636E1A}.Debug|ARM.ActiveCfg = Debug|Any CPU
		{9B48D901-1A3B-421E-B978-3CD42B636E1A}.Debug|ARM.Build.0 = Debug|Any CPU
		{9B48D901-1A3B-421E-B978-3CD42B636E1A}.Debug|ARM64.ActiveCfg = Debug|Any CPU
		{9B48D901-1A3B-421E-B978-3CD42B636E1A}.Debug|ARM64.Build.0 = Debug|Any CPU
		{9B48D901-1A3B-421E-B978-3CD42B636E1A}.Debug|iPhone.ActiveCfg = Debug|Any CPU
		{9B48D901-1A3B-421E-B978-3CD42B636E1A}.Debug|iPhone.Build.0 = Debug|Any CPU
		{9B48D901-1A3B-421E-B978-3CD42B636E1A}.Debug|iPhoneSimulator.ActiveCfg = Debug|Any CPU
		{9B48D901-1A3B-421E-B978-3CD42B636E1A}.Debug|iPhoneSimulator.Build.0 = Debug|Any CPU
		{9B48D901-1A3B-421E-B978-3CD42B636E1A}.Debug|x64.ActiveCfg = Debug|Any CPU
		{9B48D901-1A3B-421E-B978-3CD42B636E1A}.Debug|x64.Build.0 = Debug|Any CPU
		{9B48D901-1A3B-421E-B978-3CD42B636E1A}.Debug|x86.ActiveCfg = Debug|Any CPU
		{9B48D901-1A3B-421E-B978-3CD42B636E1A}.Debug|x86.Build.0 = Debug|Any CPU
		{9B48D901-1A3B-421E-B978-3CD42B636E1A}.Release|Any CPU.ActiveCfg = Release|Any CPU
		{9B48D901-1A3B-421E-B978-3CD42B636E1A}.Release|Any CPU.Build.0 = Release|Any CPU
		{9B48D901-1A3B-421E-B978-3CD42B636E1A}.Release|ARM.ActiveCfg = Release|Any CPU
		{9B48D901-1A3B-421E-B978-3CD42B636E1A}.Release|ARM.Build.0 = Release|Any CPU
		{9B48D901-1A3B-421E-B978-3CD42B636E1A}.Release|ARM64.ActiveCfg = Release|Any CPU
		{9B48D901-1A3B-421E-B978-3CD42B636E1A}.Release|ARM64.Build.0 = Release|Any CPU
		{9B48D901-1A3B-421E-B978-3CD42B636E1A}.Release|iPhone.ActiveCfg = Release|Any CPU
		{9B48D901-1A3B-421E-B978-3CD42B636E1A}.Release|iPhone.Build.0 = Release|Any CPU
		{9B48D901-1A3B-421E-B978-3CD42B636E1A}.Release|iPhoneSimulator.ActiveCfg = Release|Any CPU
		{9B48D901-1A3B-421E-B978-3CD42B636E1A}.Release|iPhoneSimulator.Build.0 = Release|Any CPU
		{9B48D901-1A3B-421E-B978-3CD42B636E1A}.Release|x64.ActiveCfg = Release|Any CPU
		{9B48D901-1A3B-421E-B978-3CD42B636E1A}.Release|x64.Build.0 = Release|Any CPU
		{9B48D901-1A3B-421E-B978-3CD42B636E1A}.Release|x86.ActiveCfg = Release|Any CPU
		{9B48D901-1A3B-421E-B978-3CD42B636E1A}.Release|x86.Build.0 = Release|Any CPU
		{ED26F2C9-0BEC-428F-83B5-FB7BD9280DF5}.Ad-Hoc|Any CPU.ActiveCfg = Debug|Any CPU
		{ED26F2C9-0BEC-428F-83B5-FB7BD9280DF5}.Ad-Hoc|Any CPU.Build.0 = Debug|Any CPU
		{ED26F2C9-0BEC-428F-83B5-FB7BD9280DF5}.Ad-Hoc|ARM.ActiveCfg = Debug|Any CPU
		{ED26F2C9-0BEC-428F-83B5-FB7BD9280DF5}.Ad-Hoc|ARM.Build.0 = Debug|Any CPU
		{ED26F2C9-0BEC-428F-83B5-FB7BD9280DF5}.Ad-Hoc|ARM64.ActiveCfg = Debug|Any CPU
		{ED26F2C9-0BEC-428F-83B5-FB7BD9280DF5}.Ad-Hoc|ARM64.Build.0 = Debug|Any CPU
		{ED26F2C9-0BEC-428F-83B5-FB7BD9280DF5}.Ad-Hoc|iPhone.ActiveCfg = Debug|Any CPU
		{ED26F2C9-0BEC-428F-83B5-FB7BD9280DF5}.Ad-Hoc|iPhone.Build.0 = Debug|Any CPU
		{ED26F2C9-0BEC-428F-83B5-FB7BD9280DF5}.Ad-Hoc|iPhoneSimulator.ActiveCfg = Debug|Any CPU
		{ED26F2C9-0BEC-428F-83B5-FB7BD9280DF5}.Ad-Hoc|iPhoneSimulator.Build.0 = Debug|Any CPU
		{ED26F2C9-0BEC-428F-83B5-FB7BD9280DF5}.Ad-Hoc|x64.ActiveCfg = Debug|Any CPU
		{ED26F2C9-0BEC-428F-83B5-FB7BD9280DF5}.Ad-Hoc|x64.Build.0 = Debug|Any CPU
		{ED26F2C9-0BEC-428F-83B5-FB7BD9280DF5}.Ad-Hoc|x86.ActiveCfg = Debug|Any CPU
		{ED26F2C9-0BEC-428F-83B5-FB7BD9280DF5}.Ad-Hoc|x86.Build.0 = Debug|Any CPU
		{ED26F2C9-0BEC-428F-83B5-FB7BD9280DF5}.AppStore|Any CPU.ActiveCfg = Debug|Any CPU
		{ED26F2C9-0BEC-428F-83B5-FB7BD9280DF5}.AppStore|Any CPU.Build.0 = Debug|Any CPU
		{ED26F2C9-0BEC-428F-83B5-FB7BD9280DF5}.AppStore|ARM.ActiveCfg = Debug|Any CPU
		{ED26F2C9-0BEC-428F-83B5-FB7BD9280DF5}.AppStore|ARM.Build.0 = Debug|Any CPU
		{ED26F2C9-0BEC-428F-83B5-FB7BD9280DF5}.AppStore|ARM64.ActiveCfg = Debug|Any CPU
		{ED26F2C9-0BEC-428F-83B5-FB7BD9280DF5}.AppStore|ARM64.Build.0 = Debug|Any CPU
		{ED26F2C9-0BEC-428F-83B5-FB7BD9280DF5}.AppStore|iPhone.ActiveCfg = Debug|Any CPU
		{ED26F2C9-0BEC-428F-83B5-FB7BD9280DF5}.AppStore|iPhone.Build.0 = Debug|Any CPU
		{ED26F2C9-0BEC-428F-83B5-FB7BD9280DF5}.AppStore|iPhoneSimulator.ActiveCfg = Debug|Any CPU
		{ED26F2C9-0BEC-428F-83B5-FB7BD9280DF5}.AppStore|iPhoneSimulator.Build.0 = Debug|Any CPU
		{ED26F2C9-0BEC-428F-83B5-FB7BD9280DF5}.AppStore|x64.ActiveCfg = Debug|Any CPU
		{ED26F2C9-0BEC-428F-83B5-FB7BD9280DF5}.AppStore|x64.Build.0 = Debug|Any CPU
		{ED26F2C9-0BEC-428F-83B5-FB7BD9280DF5}.AppStore|x86.ActiveCfg = Debug|Any CPU
		{ED26F2C9-0BEC-428F-83B5-FB7BD9280DF5}.AppStore|x86.Build.0 = Debug|Any CPU
		{ED26F2C9-0BEC-428F-83B5-FB7BD9280DF5}.Debug|Any CPU.ActiveCfg = Debug|Any CPU
		{ED26F2C9-0BEC-428F-83B5-FB7BD9280DF5}.Debug|Any CPU.Build.0 = Debug|Any CPU
		{ED26F2C9-0BEC-428F-83B5-FB7BD9280DF5}.Debug|ARM.ActiveCfg = Debug|Any CPU
		{ED26F2C9-0BEC-428F-83B5-FB7BD9280DF5}.Debug|ARM.Build.0 = Debug|Any CPU
		{ED26F2C9-0BEC-428F-83B5-FB7BD9280DF5}.Debug|ARM64.ActiveCfg = Debug|Any CPU
		{ED26F2C9-0BEC-428F-83B5-FB7BD9280DF5}.Debug|ARM64.Build.0 = Debug|Any CPU
		{ED26F2C9-0BEC-428F-83B5-FB7BD9280DF5}.Debug|iPhone.ActiveCfg = Debug|Any CPU
		{ED26F2C9-0BEC-428F-83B5-FB7BD9280DF5}.Debug|iPhone.Build.0 = Debug|Any CPU
		{ED26F2C9-0BEC-428F-83B5-FB7BD9280DF5}.Debug|iPhoneSimulator.ActiveCfg = Debug|Any CPU
		{ED26F2C9-0BEC-428F-83B5-FB7BD9280DF5}.Debug|iPhoneSimulator.Build.0 = Debug|Any CPU
		{ED26F2C9-0BEC-428F-83B5-FB7BD9280DF5}.Debug|x64.ActiveCfg = Debug|Any CPU
		{ED26F2C9-0BEC-428F-83B5-FB7BD9280DF5}.Debug|x64.Build.0 = Debug|Any CPU
		{ED26F2C9-0BEC-428F-83B5-FB7BD9280DF5}.Debug|x86.ActiveCfg = Debug|Any CPU
		{ED26F2C9-0BEC-428F-83B5-FB7BD9280DF5}.Debug|x86.Build.0 = Debug|Any CPU
		{ED26F2C9-0BEC-428F-83B5-FB7BD9280DF5}.Release|Any CPU.ActiveCfg = Release|Any CPU
		{ED26F2C9-0BEC-428F-83B5-FB7BD9280DF5}.Release|Any CPU.Build.0 = Release|Any CPU
		{ED26F2C9-0BEC-428F-83B5-FB7BD9280DF5}.Release|ARM.ActiveCfg = Release|Any CPU
		{ED26F2C9-0BEC-428F-83B5-FB7BD9280DF5}.Release|ARM.Build.0 = Release|Any CPU
		{ED26F2C9-0BEC-428F-83B5-FB7BD9280DF5}.Release|ARM64.ActiveCfg = Release|Any CPU
		{ED26F2C9-0BEC-428F-83B5-FB7BD9280DF5}.Release|ARM64.Build.0 = Release|Any CPU
		{ED26F2C9-0BEC-428F-83B5-FB7BD9280DF5}.Release|iPhone.ActiveCfg = Release|Any CPU
		{ED26F2C9-0BEC-428F-83B5-FB7BD9280DF5}.Release|iPhone.Build.0 = Release|Any CPU
		{ED26F2C9-0BEC-428F-83B5-FB7BD9280DF5}.Release|iPhoneSimulator.ActiveCfg = Release|Any CPU
		{ED26F2C9-0BEC-428F-83B5-FB7BD9280DF5}.Release|iPhoneSimulator.Build.0 = Release|Any CPU
		{ED26F2C9-0BEC-428F-83B5-FB7BD9280DF5}.Release|x64.ActiveCfg = Release|Any CPU
		{ED26F2C9-0BEC-428F-83B5-FB7BD9280DF5}.Release|x64.Build.0 = Release|Any CPU
		{ED26F2C9-0BEC-428F-83B5-FB7BD9280DF5}.Release|x86.ActiveCfg = Release|Any CPU
		{ED26F2C9-0BEC-428F-83B5-FB7BD9280DF5}.Release|x86.Build.0 = Release|Any CPU
	EndGlobalSection
	GlobalSection(SolutionProperties) = preSolution
		HideSolutionNode = FALSE
	EndGlobalSection
	GlobalSection(NestedProjects) = preSolution
		{B41CE620-CDB4-45CE-A607-3BF40CA55354} = {CE3AC8D4-4A32-453D-8636-E518F5772A4F}
		{B759389C-60F3-4287-8E49-06BE77149C9E} = {CE3AC8D4-4A32-453D-8636-E518F5772A4F}
		{461615D1-6FA5-4149-AEF3-2A04AE724D32} = {CE3AC8D4-4A32-453D-8636-E518F5772A4F}
		{1DFDC4EF-F1E3-40AC-A430-A76EAF011D92} = {CE3AC8D4-4A32-453D-8636-E518F5772A4F}
		{C9E648FE-3AE8-4A2E-BC2E-4B1549E9F238} = {CE3AC8D4-4A32-453D-8636-E518F5772A4F}
		{1E0DF798-52EA-4ABA-82A5-40343336AD12} = {CE3AC8D4-4A32-453D-8636-E518F5772A4F}
		{7FE65889-2E2B-47D9-8475-B71CAF057E9F} = {CE3AC8D4-4A32-453D-8636-E518F5772A4F}
		{9B48D901-1A3B-421E-B978-3CD42B636E1A} = {CE3AC8D4-4A32-453D-8636-E518F5772A4F}
		{ED26F2C9-0BEC-428F-83B5-FB7BD9280DF5} = {CE3AC8D4-4A32-453D-8636-E518F5772A4F}
	EndGlobalSection
	GlobalSection(ExtensibilityGlobals) = postSolution
		SolutionGuid = {B6115F01-AE25-4E11-8381-AB886C63D6B5}
	EndGlobalSection
EndGlobal
